
Microsoft Visual Studio Solution File, Format Version 12.00
# Visual Studio Version 16
VisualStudioVersion = 16.0.30804.86
MinimumVisualStudioVersion = 10.0.40219.1
Project("{9A19103F-16F7-4668-BE54-9A1E7A4F7556}") = "Entities", "Entities\Entities.csproj", "{7150A722-2D0C-42C5-AA37-317388BC1DB2}"
EndProject
Project("{9A19103F-16F7-4668-BE54-9A1E7A4F7556}") = "DataAccess", "DataAccess\DataAccess.csproj", "{753E72AF-0EE2-493B-A275-FAB3710F7F55}"
EndProject
Project("{9A19103F-16F7-4668-BE54-9A1E7A4F7556}") = "Business", "Business\Business.csproj", "{ECD9E3EA-7492-4207-982B-EB1AB849CA62}"
EndProject
Project("{9A19103F-16F7-4668-BE54-9A1E7A4F7556}") = "ConsoleUI", "ConsoleUI\ConsoleUI.csproj", "{331DD6C0-0B48-4125-AB21-EFC13E9D4048}"
EndProject
Project("{9A19103F-16F7-4668-BE54-9A1E7A4F7556}") = "Core", "Core\Core.csproj", "{BED0BB48-F26C-44F8-BD98-490FF840242F}"
EndProject
Project("{FAE04EC0-301F-11D3-BF4B-00C04F79EFBC}") = "WebAPI", "WebAPI\WebAPI.csproj", "{2A1C644B-361C-4B33-A216-1FCDA4B15C1A}"
EndProject
Global
	GlobalSection(SolutionConfigurationPlatforms) = preSolution
		Debug|Any CPU = Debug|Any CPU
		Release|Any CPU = Release|Any CPU
	EndGlobalSection
	GlobalSection(ProjectConfigurationPlatforms) = postSolution
		{7150A722-2D0C-42C5-AA37-317388BC1DB2}.Debug|Any CPU.ActiveCfg = Debug|Any CPU
		{7150A722-2D0C-42C5-AA37-317388BC1DB2}.Debug|Any CPU.Build.0 = Debug|Any CPU
		{7150A722-2D0C-42C5-AA37-317388BC1DB2}.Release|Any CPU.ActiveCfg = Release|Any CPU
		{7150A722-2D0C-42C5-AA37-317388BC1DB2}.Release|Any CPU.Build.0 = Release|Any CPU
		{753E72AF-0EE2-493B-A275-FAB3710F7F55}.Debug|Any CPU.ActiveCfg = Debug|Any CPU
		{753E72AF-0EE2-493B-A275-FAB3710F7F55}.Debug|Any CPU.Build.0 = Debug|Any CPU
		{753E72AF-0EE2-493B-A275-FAB3710F7F55}.Release|Any CPU.ActiveCfg = Release|Any CPU
		{753E72AF-0EE2-493B-A275-FAB3710F7F55}.Release|Any CPU.Build.0 = Release|Any CPU
		{ECD9E3EA-7492-4207-982B-EB1AB849CA62}.Debug|Any CPU.ActiveCfg = Debug|Any CPU
		{ECD9E3EA-7492-4207-982B-EB1AB849CA62}.Debug|Any CPU.Build.0 = Debug|Any CPU
		{ECD9E3EA-7492-4207-982B-EB1AB849CA62}.Release|Any CPU.ActiveCfg = Release|Any CPU
		{ECD9E3EA-7492-4207-982B-EB1AB849CA62}.Release|Any CPU.Build.0 = Release|Any CPU
		{331DD6C0-0B48-4125-AB21-EFC13E9D4048}.Debug|Any CPU.ActiveCfg = Debug|Any CPU
		{331DD6C0-0B48-4125-AB21-EFC13E9D4048}.Debug|Any CPU.Build.0 = Debug|Any CPU
		{331DD6C0-0B48-4125-AB21-EFC13E9D4048}.Release|Any CPU.ActiveCfg = Release|Any CPU
		{331DD6C0-0B48-4125-AB21-EFC13E9D4048}.Release|Any CPU.Build.0 = Release|Any CPU
		{BED0BB48-F26C-44F8-BD98-490FF840242F}.Debug|Any CPU.ActiveCfg = Debug|Any CPU
		{BED0BB48-F26C-44F8-BD98-490FF840242F}.Debug|Any CPU.Build.0 = Debug|Any CPU
		{BED0BB48-F26C-44F8-BD98-490FF840242F}.Release|Any CPU.ActiveCfg = Release|Any CPU
		{BED0BB48-F26C-44F8-BD98-490FF840242F}.Release|Any CPU.Build.0 = Release|Any CPU
		{2A1C644B-361C-4B33-A216-1FCDA4B15C1A}.Debug|Any CPU.ActiveCfg = Debug|Any CPU
		{2A1C644B-361C-4B33-A216-1FCDA4B15C1A}.Debug|Any CPU.Build.0 = Debug|Any CPU
		{2A1C644B-361C-4B33-A216-1FCDA4B15C1A}.Release|Any CPU.ActiveCfg = Release|Any CPU
		{2A1C644B-361C-4B33-A216-1FCDA4B15C1A}.Release|Any CPU.Build.0 = Release|Any CPU
	EndGlobalSection
	GlobalSection(SolutionProperties) = preSolution
		HideSolutionNode = FALSE
	EndGlobalSection
	GlobalSection(ExtensibilityGlobals) = postSolution
		SolutionGuid = {919CF987-5FE3-41A3-942B-E476D292A1A1}
	EndGlobalSection
EndGlobal
